PODS:
  - Flutter (1.0.0)
  - plugin_screeb (2.0.9):
    - Flutter
    - Screeb (= 2.0.9)
  - Screeb (2.0.9)

DEPENDENCIES:
  - Flutter (from `Flutter`)
  - plugin_screeb (from `.symlinks/plugins/plugin_screeb/ios`)

SPEC REPOS:
  trunk:
    - Screeb

EXTERNAL SOURCES:
  Flutter:
    :path: Flutter
  plugin_screeb:
    :path: ".symlinks/plugins/plugin_screeb/ios"

SPEC CHECKSUMS:
  Flutter: f04841e97a9d0b0a8025694d0796dd46242b2854
  plugin_screeb: a37e27a99ceab57fd633db1d35556f1202ecd555
  Screeb: 569c1881585f5d5e78311dcaa6181e92b350ece9

PODFILE CHECKSUM: 8eff4eb669e99dbab507ce721c0ed77a0b510f9f

COCOAPODS: 1.14.3
